PODS:
  - AFDateHelper (4.2.4)
  - ChameleonFramework/Default (2.1.0)
  - ChameleonFramework/Swift (2.1.0):
    - ChameleonFramework/Default
  - FlatUIKit (1.6.2)
  - FlowingMenu (2.0.1)
  - FoldingCell (2.0.5)
  - IGListKit (1.0.0)
  - MKDropdownMenu (1.4)
  - Realm (2.9.1):
    - Realm/Headers (= 2.9.1)
  - Realm/Headers (2.9.1)
  - RealmSwift (2.9.1):
    - Realm (= 2.9.1)
  - RKTagsView (1.3.0)
  - SwiftMessages (3.4.0)

DEPENDENCIES:
  - AFDateHelper (~> 4.2.2)
  - ChameleonFramework/Swift (from `https://github.com/ViccAlexander/Chameleon.git`)
  - FlatUIKit
  - FlowingMenu (~> 2.0.1)
  - FoldingCell (~> 2.0.1)
  - IGListKit (~> 1.0.0)
  - MKDropdownMenu
  - Realm (from `https://github.com/realm/realm-cocoa.git`, branch `master`)
  - RealmSwift (from `https://github.com/realm/realm-cocoa.git`, branch `master`)
  - RKTagsView
  - SwiftMessages

EXTERNAL SOURCES:
  ChameleonFramework:
    :git: https://github.com/ViccAlexander/Chameleon.git
  Realm:
    :branch: master
    :git: https://github.com/realm/realm-cocoa.git
    :submodules: true
  RealmSwift:
    :branch: master
    :git: https://github.com/realm/realm-cocoa.git
    :submodules: true

CHECKOUT OPTIONS:
  ChameleonFramework:
    :commit: 6dd284bde21ea2e7f9fd89bc36f40df16e16369d
    :git: https://github.com/ViccAlexander/Chameleon.git
  Realm:
    :commit: 9e8c8ff62f6c6109ecd959b73b4e84f5fdad70ac
    :git: https://github.com/realm/realm-cocoa.git
    :submodules: true
  RealmSwift:
    :commit: 9e8c8ff62f6c6109ecd959b73b4e84f5fdad70ac
    :git: https://github.com/realm/realm-cocoa.git
    :submodules: true

SPEC CHECKSUMS:
  AFDateHelper: fbbf706fc7ef3b12efb8c25493c8dc5b9d18f86a
  ChameleonFramework: d21a3cc247abfe5e37609a283a8238b03575cf64
  FlatUIKit: 1b41f0d4952ce8d970d8479ce79df54a960242c4
  FlowingMenu: 097789ea7fcec5c94edd58765e00e27b31e62cf5
  FoldingCell: fb189fc746e95b722a1debf8ef455006b70cae2e
  IGListKit: 3242c475fa77e2abf2d4de319703088008fbe9b9
  MKDropdownMenu: 269df4a41d21a1db684ce8bc709befe419fc5bae
  Realm: f91fb43bd474c4f731a116ebf7392c75dd015920
  RealmSwift: 9b93f053d46d4fc4145e691c14eb06b5410ffdc9
  RKTagsView: a2d5b8e4c4a6b2deea56c82968c96509fa7d399d
  SwiftMessages: e20aa1557fde1525ea369361bec4943cc0d08e7c

PODFILE CHECKSUM: 2dc0469a18731c7b262c84c3493067053308b01c

COCOAPODS: 1.1.1
