// !$*UTF8*$!
{
	archiveVersion = 1;
	classes = {
	};
	objectVersion = 46;
	objects = {

/* Begin PBXBuildFile section */
		3B092DC11DF3824900CF7291 /* SignIn.storyboard in Resources */ = {isa = PBXBuildFile; fileRef = 3B092DC01DF3824900CF7291 /* SignIn.storyboard */; };
		3B092DC31DF3829500CF7291 /* SignInViewController.swift in Sources */ = {isa = PBXBuildFile; fileRef = 3B092DC21DF3829500CF7291 /* SignInViewController.swift */; };
		3B092E831DF3B6A900CF7291 /* GoogleService-Info.plist in Resources */ = {isa = PBXBuildFile; fileRef = 3B092E821DF3B6A900CF7291 /* GoogleService-Info.plist */; };
		3B092E851DF3B6DF00CF7291 /* AppState.swift in Sources */ = {isa = PBXBuildFile; fileRef = 3B092E841DF3B6DF00CF7291 /* AppState.swift */; };
		3B863DCC1DF66B4300E35842 /* CollectionCellWithNoPhoto.xib in Resources */ = {isa = PBXBuildFile; fileRef = 3B863DCB1DF66B4300E35842 /* CollectionCellWithNoPhoto.xib */; };
		3BD834151DF671A30014A7DB /* ItemTableViewController.swift in Sources */ = {isa = PBXBuildFile; fileRef = 3BD834141DF671A30014A7DB /* ItemTableViewController.swift */; };
		3BE1DDF11DE4DBC7004EEF2E /* FoldingCell.framework in Frameworks */ = {isa = PBXBuildFile; fileRef = 3BE1DDF01DE4DBC7004EEF2E /* FoldingCell.framework */; };
		6AE07934E208861954863ECF /* Pods_ToBeDone.framework in Frameworks */ = {isa = PBXBuildFile; fileRef = D419FA8DAC7058C9826AE64A /* Pods_ToBeDone.framework */; };
		D9079D881DDBB22C0019D72E /* AlertChoicesTable.swift in Sources */ = {isa = PBXBuildFile; fileRef = D9079D871DDBB22C0019D72E /* AlertChoicesTable.swift */; };
		D9079D8A1DDBB2380019D72E /* AlertChoicesTable.xib in Resources */ = {isa = PBXBuildFile; fileRef = D9079D891DDBB2380019D72E /* AlertChoicesTable.xib */; };
		D9079D8C1DDBB8220019D72E /* AlertView.swift in Sources */ = {isa = PBXBuildFile; fileRef = D9079D8B1DDBB8220019D72E /* AlertView.swift */; };
		D9079D8E1DDBB9C30019D72E /* AlertChoicesTableCell.swift in Sources */ = {isa = PBXBuildFile; fileRef = D9079D8D1DDBB9C30019D72E /* AlertChoicesTableCell.swift */; };
		D9079D901DDBD4EF0019D72E /* AlertChoicesTableCell.xib in Resources */ = {isa = PBXBuildFile; fileRef = D9079D8F1DDBD4EF0019D72E /* AlertChoicesTableCell.xib */; };
		D9079DA21DDCF2330019D72E /* Date+Timepiece.swift in Sources */ = {isa = PBXBuildFile; fileRef = D9079D9E1DDCF2330019D72E /* Date+Timepiece.swift */; };
		D9079DA31DDCF2330019D72E /* DateComponents+Timepiece.swift in Sources */ = {isa = PBXBuildFile; fileRef = D9079D9F1DDCF2330019D72E /* DateComponents+Timepiece.swift */; };
		D9079DA41DDCF2330019D72E /* Int+Timepiece.swift in Sources */ = {isa = PBXBuildFile; fileRef = D9079DA01DDCF2330019D72E /* Int+Timepiece.swift */; };
		D9079DA51DDCF2330019D72E /* String+Timepiece.swift in Sources */ = {isa = PBXBuildFile; fileRef = D9079DA11DDCF2330019D72E /* String+Timepiece.swift */; };
		D9079DB21DDF65790019D72E /* IGListImageSetCell.swift in Sources */ = {isa = PBXBuildFile; fileRef = D9079DB11DDF65790019D72E /* IGListImageSetCell.swift */; };
		D9079DB41DDF65B90019D72E /* IGListImageSectionController.swift in Sources */ = {isa = PBXBuildFile; fileRef = D9079DB31DDF65B90019D72E /* IGListImageSectionController.swift */; };
		D9253EA31DF67D66009A4286 /* CollectonCellView.swift in Sources */ = {isa = PBXBuildFile; fileRef = D9253EA21DF67D66009A4286 /* CollectonCellView.swift */; };
		D931F8CF1DD3E2C300887369 /* LocationService.swift in Sources */ = {isa = PBXBuildFile; fileRef = D931F8CE1DD3E2C300887369 /* LocationService.swift */; };
		D931F8D11DD423A500887369 /* CustomButtons.swift in Sources */ = {isa = PBXBuildFile; fileRef = D931F8D01DD423A500887369 /* CustomButtons.swift */; };
		D931F8D51DD4FC8600887369 /* DatePicker.swift in Sources */ = {isa = PBXBuildFile; fileRef = D931F8D41DD4FC8600887369 /* DatePicker.swift */; };
		D931F8DA1DD697F300887369 /* MapViewController.swift in Sources */ = {isa = PBXBuildFile; fileRef = D931F8D91DD697F300887369 /* MapViewController.swift */; };
		D93B62CF1DF4101F0008DD50 /* CustomToolButtonView.xib in Resources */ = {isa = PBXBuildFile; fileRef = D93B62CE1DF4101F0008DD50 /* CustomToolButtonView.xib */; };
		D93B62D11DF410440008DD50 /* CustomToolButtonView.swift in Sources */ = {isa = PBXBuildFile; fileRef = D93B62D01DF410440008DD50 /* CustomToolButtonView.swift */; };
		D9505ED51DD2771900ED1299 /* MainView+Segue.swift in Sources */ = {isa = PBXBuildFile; fileRef = D9505ED41DD2771900ED1299 /* MainView+Segue.swift */; };
		D952BEA71F340AB20089F15B /* ScheduledItemSectionModel.swift in Sources */ = {isa = PBXBuildFile; fileRef = D952BEA61F340AB20089F15B /* ScheduledItemSectionModel.swift */; };
		D95BDF761DCB8A2C00E3C6EF /* SegueHandlerType.swift in Sources */ = {isa = PBXBuildFile; fileRef = D95BDF751DCB8A2C00E3C6EF /* SegueHandlerType.swift */; };
		D95D13C51EA6D56500E1ED69 /* ItemDetailViewModel.swift in Sources */ = {isa = PBXBuildFile; fileRef = D95D13C41EA6D56500E1ED69 /* ItemDetailViewModel.swift */; };
		D95D13C71EA6EB4A00E1ED69 /* ObserverPattern.swift in Sources */ = {isa = PBXBuildFile; fileRef = D95D13C61EA6EB4A00E1ED69 /* ObserverPattern.swift */; };
		D961590E1DF4CCB800739982 /* ItemTableCell_WithImage.swift in Sources */ = {isa = PBXBuildFile; fileRef = D961590D1DF4CCB800739982 /* ItemTableCell_WithImage.swift */; };
		D963FA901DD7AEBB001E29BB /* FloatLabelTextField.swift in Sources */ = {isa = PBXBuildFile; fileRef = D963FA8E1DD7AEBB001E29BB /* FloatLabelTextField.swift */; };
		D963FA911DD7AEBB001E29BB /* FloatLabelTextView.swift in Sources */ = {isa = PBXBuildFile; fileRef = D963FA8F1DD7AEBB001E29BB /* FloatLabelTextView.swift */; };
		D983EFA91EA7B827001C830B /* ItemDetail+ImagePickerDelegate.swift in Sources */ = {isa = PBXBuildFile; fileRef = D983EFA81EA7B827001C830B /* ItemDetail+ImagePickerDelegate.swift */; };
		D983EFAB1EA7B8DB001C830B /* ItemDetail+MKDropdownDelegate.swift in Sources */ = {isa = PBXBuildFile; fileRef = D983EFAA1EA7B8DB001C830B /* ItemDetail+MKDropdownDelegate.swift */; };
		D983EFAE1EA7BA12001C830B /* ItemDetail+MKDropdownDataSource.swift in Sources */ = {isa = PBXBuildFile; fileRef = D983EFAD1EA7BA12001C830B /* ItemDetail+MKDropdownDataSource.swift */; };
		D983EFB21EA7BC29001C830B /* ItemDetail+RKTagsDelegate.swift in Sources */ = {isa = PBXBuildFile; fileRef = D983EFB11EA7BC29001C830B /* ItemDetail+RKTagsDelegate.swift */; };
		D983EFB41EA7BCC4001C830B /* depravated.swift in Sources */ = {isa = PBXBuildFile; fileRef = D983EFB31EA7BCC4001C830B /* depravated.swift */; };
		D983EFB61EA7BDB8001C830B /* ItemDetail+TextFieldDelegate.swift in Sources */ = {isa = PBXBuildFile; fileRef = D983EFB51EA7BDB8001C830B /* ItemDetail+TextFieldDelegate.swift */; };
		D983EFB81EA7BDEB001C830B /* ItemDetail+TextViewDelegate.swift in Sources */ = {isa = PBXBuildFile; fileRef = D983EFB71EA7BDEB001C830B /* ItemDetail+TextViewDelegate.swift */; };
		D983EFBA1EA83E8B001C830B /* AlertMessage.swift in Sources */ = {isa = PBXBuildFile; fileRef = D983EFB91EA83E8B001C830B /* AlertMessage.swift */; };
		D983EFBE1EA842BD001C830B /* DateUtilities.swift in Sources */ = {isa = PBXBuildFile; fileRef = D983EFBD1EA842BD001C830B /* DateUtilities.swift */; };
		D983EFC21EA84351001C830B /* FirebaseService.swift in Sources */ = {isa = PBXBuildFile; fileRef = D983EFC11EA84351001C830B /* FirebaseService.swift */; };
		D983EFC51EA843C8001C830B /* NotificationService.swift in Sources */ = {isa = PBXBuildFile; fileRef = D983EFC41EA843C8001C830B /* NotificationService.swift */; };
		D983EFCD1EA84966001C830B /* MainView+FlowingMenuDelegate.swift in Sources */ = {isa = PBXBuildFile; fileRef = D983EFCC1EA84966001C830B /* MainView+FlowingMenuDelegate.swift */; };
		D983EFD01EA94C88001C830B /* TodoItemDTO.swift in Sources */ = {isa = PBXBuildFile; fileRef = D983EFCF1EA94C88001C830B /* TodoItemDTO.swift */; };
		D983EFD51EA9CF28001C830B /* ItemTableViewModel.swift in Sources */ = {isa = PBXBuildFile; fileRef = D983EFD41EA9CF28001C830B /* ItemTableViewModel.swift */; };
		D983EFD91EA9D183001C830B /* ItemCellModel.swift in Sources */ = {isa = PBXBuildFile; fileRef = D983EFD81EA9D183001C830B /* ItemCellModel.swift */; };
		D983EFDB1EAA50C4001C830B /* ArchivedItemTableCell.swift in Sources */ = {isa = PBXBuildFile; fileRef = D983EFDA1EAA50C4001C830B /* ArchivedItemTableCell.swift */; };
		D983EFDD1EAA5517001C830B /* ItemTableCell_WithImage+ImageCollectionDataSource.swift in Sources */ = {isa = PBXBuildFile; fileRef = D983EFDC1EAA5517001C830B /* ItemTableCell_WithImage+ImageCollectionDataSource.swift */; };
		D983EFE21EAA57FD001C830B /* HorizontalFlowLayout.swift in Sources */ = {isa = PBXBuildFile; fileRef = D983EFE11EAA57FD001C830B /* HorizontalFlowLayout.swift */; };
		D983EFE41EAA588E001C830B /* ImageCollectionViewCell.swift in Sources */ = {isa = PBXBuildFile; fileRef = D983EFE31EAA588E001C830B /* ImageCollectionViewCell.swift */; };
		D983EFE61EAA5C7D001C830B /* ItemTableCell_WithImageDelegate.swift in Sources */ = {isa = PBXBuildFile; fileRef = D983EFE51EAA5C7D001C830B /* ItemTableCell_WithImageDelegate.swift */; };
		D983EFE81EAAA012001C830B /* ItemTableViewDataSource.swift in Sources */ = {isa = PBXBuildFile; fileRef = D983EFE71EAAA012001C830B /* ItemTableViewDataSource.swift */; };
		D983EFEA1EAAA065001C830B /* ItemTableViewDelegate.swift in Sources */ = {isa = PBXBuildFile; fileRef = D983EFE91EAAA065001C830B /* ItemTableViewDelegate.swift */; };
		D983EFED1EAAE306001C830B /* MainViewModel.swift in Sources */ = {isa = PBXBuildFile; fileRef = D983EFEC1EAAE306001C830B /* MainViewModel.swift */; };
		D983EFF11EAAF46F001C830B /* MenuViewModel.swift in Sources */ = {isa = PBXBuildFile; fileRef = D983EFF01EAAF46F001C830B /* MenuViewModel.swift */; };
		D983EFF31EAAFB1B001C830B /* StaticSettingController.swift in Sources */ = {isa = PBXBuildFile; fileRef = D983EFF21EAAFB1B001C830B /* StaticSettingController.swift */; };
		D98B04141DEA892200A1E7E1 /* IGListImageModel.swift in Sources */ = {isa = PBXBuildFile; fileRef = D98B04131DEA892200A1E7E1 /* IGListImageModel.swift */; };
		D98C12411DECF1E600CD89C0 /* MainViewController.swift in Sources */ = {isa = PBXBuildFile; fileRef = D98C12401DECF1E600CD89C0 /* MainViewController.swift */; };
		D98C12431DECF28700CD89C0 /* MenuViewController.swift in Sources */ = {isa = PBXBuildFile; fileRef = D98C12421DECF28700CD89C0 /* MenuViewController.swift */; };
		D98C12451DECF70D00CD89C0 /* MenuItemCell.swift in Sources */ = {isa = PBXBuildFile; fileRef = D98C12441DECF70D00CD89C0 /* MenuItemCell.swift */; };
		D9A1AA811DF2452B0074974C /* PinSelectionMenuItem.swift in Sources */ = {isa = PBXBuildFile; fileRef = D9A1AA801DF2452B0074974C /* PinSelectionMenuItem.swift */; };
		D9A1AA831DF245460074974C /* PinSelectionMenuItem.xib in Resources */ = {isa = PBXBuildFile; fileRef = D9A1AA821DF245460074974C /* PinSelectionMenuItem.xib */; };
		D9A1AA871DF24AB20074974C /* RKCustomButton.m in Sources */ = {isa = PBXBuildFile; fileRef = D9A1AA861DF24AB20074974C /* RKCustomButton.m */; };
		D9A1AA8D1DF261510074974C /* CollectionCellViewWithNoPhoto.swift in Sources */ = {isa = PBXBuildFile; fileRef = D9A1AA8C1DF261510074974C /* CollectionCellViewWithNoPhoto.swift */; };
		D9CEBC611DC54A5800003C44 /* RealmDBManager.swift in Sources */ = {isa = PBXBuildFile; fileRef = D9CEBC571DC54A5800003C44 /* RealmDBManager.swift */; };
		D9CEBC621DC54A5800003C44 /* ItemDetailViewController.swift in Sources */ = {isa = PBXBuildFile; fileRef = D9CEBC581DC54A5800003C44 /* ItemDetailViewController.swift */; };
		D9CEBC631DC54A5800003C44 /* TodoItem+Realm.swift in Sources */ = {isa = PBXBuildFile; fileRef = D9CEBC591DC54A5800003C44 /* TodoItem+Realm.swift */; };
		D9CEBC641DC54A5800003C44 /* TodoItemStore.swift in Sources */ = {isa = PBXBuildFile; fileRef = D9CEBC5A1DC54A5800003C44 /* TodoItemStore.swift */; };
		D9CEBC661DC54A5800003C44 /* DebugUtilities.swift in Sources */ = {isa = PBXBuildFile; fileRef = D9CEBC5C1DC54A5800003C44 /* DebugUtilities.swift */; };
		D9CEBC701DC54AD600003C44 /* ItemList.storyboard in Resources */ = {isa = PBXBuildFile; fileRef = D9CEBC6E1DC54AD600003C44 /* ItemList.storyboard */; };
		D9CEBC731DC54AF300003C44 /* ItemDetail.storyboard in Resources */ = {isa = PBXBuildFile; fileRef = D9CEBC711DC54AF300003C44 /* ItemDetail.storyboard */; };
		D9CEBC781DC54BD300003C44 /* AppDelegate .swift in Sources */ = {isa = PBXBuildFile; fileRef = D9CEBC741DC54BD300003C44 /* AppDelegate .swift */; };
		D9CEBC801DC54BFC00003C44 /* LaunchScreen.storyboard in Resources */ = {isa = PBXBuildFile; fileRef = D9CEBC7C1DC54BFC00003C44 /* LaunchScreen.storyboard */; };
		D9CEBC811DC54BFC00003C44 /* Main.storyboard in Resources */ = {isa = PBXBuildFile; fileRef = D9CEBC7E1DC54BFC00003C44 /* Main.storyboard */; };
		D9CEBC8F1DC54DC000003C44 /* Assets.xcassets in Resources */ = {isa = PBXBuildFile; fileRef = D9CEBC8E1DC54DC000003C44 /* Assets.xcassets */; };
		D9D2D8B51DF6E43200049B7E /* ItemTableCell_WithoutImage.swift in Sources */ = {isa = PBXBuildFile; fileRef = D9D2D8B41DF6E43200049B7E /* ItemTableCell_WithoutImage.swift */; };
		D9F6ADE71DF8CC42002B3CD6 /* PreviewIGListImageSet.swift in Sources */ = {isa = PBXBuildFile; fileRef = D9F6ADE41DF8CC42002B3CD6 /* PreviewIGListImageSet.swift */; };
		D9F6ADE81DF8CC42002B3CD6 /* PreviewIGListImageSetCell.swift in Sources */ = {isa = PBXBuildFile; fileRef = D9F6ADE51DF8CC42002B3CD6 /* PreviewIGListImageSetCell.swift */; };
		D9F6ADE91DF8CC42002B3CD6 /* PreviewIGListImageSetCell.xib in Resources */ = {isa = PBXBuildFile; fileRef = D9F6ADE61DF8CC42002B3CD6 /* PreviewIGListImageSetCell.xib */; };
		D9F752DD1DEBE0F1003ACBD9 /* CollectionCellView.xib in Resources */ = {isa = PBXBuildFile; fileRef = D9F752DC1DEBE0F1003ACBD9 /* CollectionCellView.xib */; };
/* End PBXBuildFile section */

/* Begin PBXFileReference section */
		25FF91A3B3782F673EB6DC3A /* Pods-ToBeDone.debug.xcconfig */ = {isa = PBXFileReference; includeInIndex = 1; lastKnownFileType = text.xcconfig; name = "Pods-ToBeDone.debug.xcconfig"; path = "Pods/Target Support Files/Pods-ToBeDone/Pods-ToBeDone.debug.xcconfig"; sourceTree = "<group>"; };
		3699FAA4BE2F35D42B08AFEB /* Pods-ToBeDone.release.xcconfig */ = {isa = PBXFileReference; includeInIndex = 1; lastKnownFileType = text.xcconfig; name = "Pods-ToBeDone.release.xcconfig"; path = "Pods/Target Support Files/Pods-ToBeDone/Pods-ToBeDone.release.xcconfig"; sourceTree = "<group>"; };
		3B092DC01DF3824900CF7291 /* SignIn.storyboard */ = {isa = PBXFileReference; fileEncoding = 4; lastKnownFileType = file.storyboard; path = SignIn.storyboard; sourceTree = "<group>"; };
		3B092DC21DF3829500CF7291 /* SignInViewController.swift */ = {isa = PBXFileReference; fileEncoding = 4; lastKnownFileType = sourcecode.swift; path = SignInViewController.swift; sourceTree = "<group>"; };
		3B092E821DF3B6A900CF7291 /* GoogleService-Info.plist */ = {isa = PBXFileReference; fileEncoding = 4; lastKnownFileType = text.plist.xml; name = "GoogleService-Info.plist"; path = "ToBeDone/GoogleService-Info.plist"; sourceTree = "<group>"; };
		3B092E841DF3B6DF00CF7291 /* AppState.swift */ = {isa = PBXFileReference; fileEncoding = 4; lastKnownFileType = sourcecode.swift; path = AppState.swift; sourceTree = "<group>"; };
		3B863DCB1DF66B4300E35842 /* CollectionCellWithNoPhoto.xib */ = {isa = PBXFileReference; fileEncoding = 4; lastKnownFileType = file.xib; path = CollectionCellWithNoPhoto.xib; sourceTree = "<group>"; };
		3BD834141DF671A30014A7DB /* ItemTableViewController.swift */ = {isa = PBXFileReference; fileEncoding = 4; lastKnownFileType = sourcecode.swift; path = ItemTableViewController.swift; sourceTree = "<group>"; };
		3BE1DDF01DE4DBC7004EEF2E /* FoldingCell.framework */ = {isa = PBXFileReference; lastKnownFileType = wrapper.framework; name = FoldingCell.framework; path = "../Library/Developer/Xcode/DerivedData/ToBeDone-gyzzqstgwfeluzfzorxjxqbzcqyr/Build/Products/Debug-iphonesimulator/FoldingCell/FoldingCell.framework"; sourceTree = "<group>"; };
		D419FA8DAC7058C9826AE64A /* Pods_ToBeDone.framework */ = {isa = PBXFileReference; explicitFileType = wrapper.framework; includeInIndex = 0; path = Pods_ToBeDone.framework; sourceTree = BUILT_PRODUCTS_DIR; };
		D9079D871DDBB22C0019D72E /* AlertChoicesTable.swift */ = {isa = PBXFileReference; fileEncoding = 4; lastKnownFileType = sourcecode.swift; path = AlertChoicesTable.swift; sourceTree = "<group>"; };
		D9079D891DDBB2380019D72E /* AlertChoicesTable.xib */ = {isa = PBXFileReference; fileEncoding = 4; lastKnownFileType = file.xib; path = AlertChoicesTable.xib; sourceTree = "<group>"; };
		D9079D8B1DDBB8220019D72E /* AlertView.swift */ = {isa = PBXFileReference; fileEncoding = 4; lastKnownFileType = sourcecode.swift; path = AlertView.swift; sourceTree = "<group>"; };
		D9079D8D1DDBB9C30019D72E /* AlertChoicesTableCell.swift */ = {isa = PBXFileReference; fileEncoding = 4; lastKnownFileType = sourcecode.swift; path = AlertChoicesTableCell.swift; sourceTree = "<group>"; };
		D9079D8F1DDBD4EF0019D72E /* AlertChoicesTableCell.xib */ = {isa = PBXFileReference; fileEncoding = 4; lastKnownFileType = file.xib; path = AlertChoicesTableCell.xib; sourceTree = "<group>"; };
		D9079D9E1DDCF2330019D72E /* Date+Timepiece.swift */ = {isa = PBXFileReference; fileEncoding = 4; lastKnownFileType = sourcecode.swift; path = "Date+Timepiece.swift"; sourceTree = "<group>"; };
		D9079D9F1DDCF2330019D72E /* DateComponents+Timepiece.swift */ = {isa = PBXFileReference; fileEncoding = 4; lastKnownFileType = sourcecode.swift; path = "DateComponents+Timepiece.swift"; sourceTree = "<group>"; };
		D9079DA01DDCF2330019D72E /* Int+Timepiece.swift */ = {isa = PBXFileReference; fileEncoding = 4; lastKnownFileType = sourcecode.swift; path = "Int+Timepiece.swift"; sourceTree = "<group>"; };
		D9079DA11DDCF2330019D72E /* String+Timepiece.swift */ = {isa = PBXFileReference; fileEncoding = 4; lastKnownFileType = sourcecode.swift; path = "String+Timepiece.swift"; sourceTree = "<group>"; };
		D9079DB11DDF65790019D72E /* IGListImageSetCell.swift */ = {isa = PBXFileReference; fileEncoding = 4; lastKnownFileType = sourcecode.swift; path = IGListImageSetCell.swift; sourceTree = "<group>"; };
		D9079DB31DDF65B90019D72E /* IGListImageSectionController.swift */ = {isa = PBXFileReference; fileEncoding = 4; lastKnownFileType = sourcecode.swift; path = IGListImageSectionController.swift; sourceTree = "<group>"; };
		D9253EA21DF67D66009A4286 /* CollectonCellView.swift */ = {isa = PBXFileReference; fileEncoding = 4; lastKnownFileType = sourcecode.swift; path = CollectonCellView.swift; sourceTree = "<group>"; };
		D92DC80E1DC544B200744BCC /* ToBeDone.app */ = {isa = PBXFileReference; explicitFileType = wrapper.application; includeInIndex = 0; path = ToBeDone.app; sourceTree = BUILT_PRODUCTS_DIR; };
		D931F8CE1DD3E2C300887369 /* LocationService.swift */ = {isa = PBXFileReference; fileEncoding = 4; lastKnownFileType = sourcecode.swift; path = LocationService.swift; sourceTree = "<group>"; };
		D931F8D01DD423A500887369 /* CustomButtons.swift */ = {isa = PBXFileReference; fileEncoding = 4; lastKnownFileType = sourcecode.swift; path = CustomButtons.swift; sourceTree = "<group>"; };
		D931F8D41DD4FC8600887369 /* DatePicker.swift */ = {isa = PBXFileReference; fileEncoding = 4; lastKnownFileType = sourcecode.swift; path = DatePicker.swift; sourceTree = "<group>"; };
		D931F8D91DD697F300887369 /* MapViewController.swift */ = {isa = PBXFileReference; fileEncoding = 4; lastKnownFileType = sourcecode.swift; path = MapViewController.swift; sourceTree = "<group>"; };
		D93B62CE1DF4101F0008DD50 /* CustomToolButtonView.xib */ = {isa = PBXFileReference; fileEncoding = 4; lastKnownFileType = file.xib; path = CustomToolButtonView.xib; sourceTree = "<group>"; };
		D93B62D01DF410440008DD50 /* CustomToolButtonView.swift */ = {isa = PBXFileReference; fileEncoding = 4; lastKnownFileType = sourcecode.swift; path = CustomToolButtonView.swift; sourceTree = "<group>"; };
		D9505ED41DD2771900ED1299 /* MainView+Segue.swift */ = {isa = PBXFileReference; fileEncoding = 4; lastKnownFileType = sourcecode.swift; path = "MainView+Segue.swift"; sourceTree = "<group>"; };
		D952BEA61F340AB20089F15B /* ScheduledItemSectionModel.swift */ = {isa = PBXFileReference; fileEncoding = 4; lastKnownFileType = sourcecode.swift; path = ScheduledItemSectionModel.swift; sourceTree = "<group>"; };
		D95BDF751DCB8A2C00E3C6EF /* SegueHandlerType.swift */ = {isa = PBXFileReference; fileEncoding = 4; lastKnownFileType = sourcecode.swift; path = SegueHandlerType.swift; sourceTree = "<group>"; };
		D95D13C41EA6D56500E1ED69 /* ItemDetailViewModel.swift */ = {isa = PBXFileReference; fileEncoding = 4; lastKnownFileType = sourcecode.swift; path = ItemDetailViewModel.swift; sourceTree = "<group>"; };
		D95D13C61EA6EB4A00E1ED69 /* ObserverPattern.swift */ = {isa = PBXFileReference; fileEncoding = 4; lastKnownFileType = sourcecode.swift; path = ObserverPattern.swift; sourceTree = "<group>"; };
		D961590D1DF4CCB800739982 /* ItemTableCell_WithImage.swift */ = {isa = PBXFileReference; fileEncoding = 4; lastKnownFileType = sourcecode.swift; path = ItemTableCell_WithImage.swift; sourceTree = "<group>"; };
		D963FA8E1DD7AEBB001E29BB /* FloatLabelTextField.swift */ = {isa = PBXFileReference; fileEncoding = 4; lastKnownFileType = sourcecode.swift; path = FloatLabelTextField.swift; sourceTree = "<group>"; };
		D963FA8F1DD7AEBB001E29BB /* FloatLabelTextView.swift */ = {isa = PBXFileReference; fileEncoding = 4; lastKnownFileType = sourcecode.swift; path = FloatLabelTextView.swift; sourceTree = "<group>"; };
		D983EFA81EA7B827001C830B /* ItemDetail+ImagePickerDelegate.swift */ = {isa = PBXFileReference; fileEncoding = 4; lastKnownFileType = sourcecode.swift; path = "ItemDetail+ImagePickerDelegate.swift"; sourceTree = "<group>"; };
		D983EFAA1EA7B8DB001C830B /* ItemDetail+MKDropdownDelegate.swift */ = {isa = PBXFileReference; fileEncoding = 4; lastKnownFileType = sourcecode.swift; path = "ItemDetail+MKDropdownDelegate.swift"; sourceTree = "<group>"; };
		D983EFAD1EA7BA12001C830B /* ItemDetail+MKDropdownDataSource.swift */ = {isa = PBXFileReference; fileEncoding = 4; lastKnownFileType = sourcecode.swift; path = "ItemDetail+MKDropdownDataSource.swift"; sourceTree = "<group>"; };
		D983EFB11EA7BC29001C830B /* ItemDetail+RKTagsDelegate.swift */ = {isa = PBXFileReference; fileEncoding = 4; lastKnownFileType = sourcecode.swift; path = "ItemDetail+RKTagsDelegate.swift"; sourceTree = "<group>"; };
		D983EFB31EA7BCC4001C830B /* depravated.swift */ = {isa = PBXFileReference; fileEncoding = 4; lastKnownFileType = sourcecode.swift; path = depravated.swift; sourceTree = "<group>"; };
		D983EFB51EA7BDB8001C830B /* ItemDetail+TextFieldDelegate.swift */ = {isa = PBXFileReference; fileEncoding = 4; lastKnownFileType = sourcecode.swift; path = "ItemDetail+TextFieldDelegate.swift"; sourceTree = "<group>"; };
		D983EFB71EA7BDEB001C830B /* ItemDetail+TextViewDelegate.swift */ = {isa = PBXFileReference; fileEncoding = 4; lastKnownFileType = sourcecode.swift; path = "ItemDetail+TextViewDelegate.swift"; sourceTree = "<group>"; };
		D983EFB91EA83E8B001C830B /* AlertMessage.swift */ = {isa = PBXFileReference; fileEncoding = 4; lastKnownFileType = sourcecode.swift; path = AlertMessage.swift; sourceTree = "<group>"; };
		D983EFBD1EA842BD001C830B /* DateUtilities.swift */ = {isa = PBXFileReference; fileEncoding = 4; lastKnownFileType = sourcecode.swift; path = DateUtilities.swift; sourceTree = "<group>"; };
		D983EFC11EA84351001C830B /* FirebaseService.swift */ = {isa = PBXFileReference; fileEncoding = 4; lastKnownFileType = sourcecode.swift; path = FirebaseService.swift; sourceTree = "<group>"; };
		D983EFC41EA843C8001C830B /* NotificationService.swift */ = {isa = PBXFileReference; fileEncoding = 4; lastKnownFileType = sourcecode.swift; path = NotificationService.swift; sourceTree = "<group>"; };
		D983EFCC1EA84966001C830B /* MainView+FlowingMenuDelegate.swift */ = {isa = PBXFileReference; fileEncoding = 4; lastKnownFileType = sourcecode.swift; path = "MainView+FlowingMenuDelegate.swift"; sourceTree = "<group>"; };
		D983EFCF1EA94C88001C830B /* TodoItemDTO.swift */ = {isa = PBXFileReference; fileEncoding = 4; lastKnownFileType = sourcecode.swift; path = TodoItemDTO.swift; sourceTree = "<group>"; };
		D983EFD41EA9CF28001C830B /* ItemTableViewModel.swift */ = {isa = PBXFileReference; fileEncoding = 4; lastKnownFileType = sourcecode.swift; path = ItemTableViewModel.swift; sourceTree = "<group>"; };
		D983EFD81EA9D183001C830B /* ItemCellModel.swift */ = {isa = PBXFileReference; fileEncoding = 4; lastKnownFileType = sourcecode.swift; path = ItemCellModel.swift; sourceTree = "<group>"; };
		D983EFDA1EAA50C4001C830B /* ArchivedItemTableCell.swift */ = {isa = PBXFileReference; fileEncoding = 4; lastKnownFileType = sourcecode.swift; path = ArchivedItemTableCell.swift; sourceTree = "<group>"; };
		D983EFDC1EAA5517001C830B /* ItemTableCell_WithImage+ImageCollectionDataSource.swift */ = {isa = PBXFileReference; fileEncoding = 4; lastKnownFileType = sourcecode.swift; path = "ItemTableCell_WithImage+ImageCollectionDataSource.swift"; sourceTree = "<group>"; };
		D983EFE11EAA57FD001C830B /* HorizontalFlowLayout.swift */ = {isa = PBXFileReference; fileEncoding = 4; lastKnownFileType = sourcecode.swift; path = HorizontalFlowLayout.swift; sourceTree = "<group>"; };
		D983EFE31EAA588E001C830B /* ImageCollectionViewCell.swift */ = {isa = PBXFileReference; fileEncoding = 4; lastKnownFileType = sourcecode.swift; path = ImageCollectionViewCell.swift; sourceTree = "<group>"; };
		D983EFE51EAA5C7D001C830B /* ItemTableCell_WithImageDelegate.swift */ = {isa = PBXFileReference; fileEncoding = 4; lastKnownFileType = sourcecode.swift; path = ItemTableCell_WithImageDelegate.swift; sourceTree = "<group>"; };
		D983EFE71EAAA012001C830B /* ItemTableViewDataSource.swift */ = {isa = PBXFileReference; fileEncoding = 4; lastKnownFileType = sourcecode.swift; path = ItemTableViewDataSource.swift; sourceTree = "<group>"; };
		D983EFE91EAAA065001C830B /* ItemTableViewDelegate.swift */ = {isa = PBXFileReference; fileEncoding = 4; lastKnownFileType = sourcecode.swift; path = ItemTableViewDelegate.swift; sourceTree = "<group>"; };
		D983EFEC1EAAE306001C830B /* MainViewModel.swift */ = {isa = PBXFileReference; fileEncoding = 4; lastKnownFileType = sourcecode.swift; path = MainViewModel.swift; sourceTree = "<group>"; };
		D983EFF01EAAF46F001C830B /* MenuViewModel.swift */ = {isa = PBXFileReference; fileEncoding = 4; lastKnownFileType = sourcecode.swift; path = MenuViewModel.swift; sourceTree = "<group>"; };
		D983EFF21EAAFB1B001C830B /* StaticSettingController.swift */ = {isa = PBXFileReference; fileEncoding = 4; lastKnownFileType = sourcecode.swift; path = StaticSettingController.swift; sourceTree = "<group>"; };
		D98B04131DEA892200A1E7E1 /* IGListImageModel.swift */ = {isa = PBXFileReference; fileEncoding = 4; lastKnownFileType = sourcecode.swift; path = IGListImageModel.swift; sourceTree = "<group>"; };
		D98C12401DECF1E600CD89C0 /* MainViewController.swift */ = {isa = PBXFileReference; fileEncoding = 4; lastKnownFileType = sourcecode.swift; path = MainViewController.swift; sourceTree = "<group>"; };
		D98C12421DECF28700CD89C0 /* MenuViewController.swift */ = {isa = PBXFileReference; fileEncoding = 4; lastKnownFileType = sourcecode.swift; path = MenuViewController.swift; sourceTree = "<group>"; };
		D98C12441DECF70D00CD89C0 /* MenuItemCell.swift */ = {isa = PBXFileReference; fileEncoding = 4; lastKnownFileType = sourcecode.swift; path = MenuItemCell.swift; sourceTree = "<group>"; };
		D9A1AA801DF2452B0074974C /* PinSelectionMenuItem.swift */ = {isa = PBXFileReference; fileEncoding = 4; lastKnownFileType = sourcecode.swift; path = PinSelectionMenuItem.swift; sourceTree = "<group>"; };
		D9A1AA821DF245460074974C /* PinSelectionMenuItem.xib */ = {isa = PBXFileReference; fileEncoding = 4; lastKnownFileType = file.xib; path = PinSelectionMenuItem.xib; sourceTree = "<group>"; };
		D9A1AA851DF24AB20074974C /* RKCustomButton.h */ = {isa = PBXFileReference; fileEncoding = 4; lastKnownFileType = sourcecode.c.h; path = RKCustomButton.h; sourceTree = "<group>"; };
		D9A1AA861DF24AB20074974C /* RKCustomButton.m */ = {isa = PBXFileReference; fileEncoding = 4; lastKnownFileType = sourcecode.c.objc; path = RKCustomButton.m; sourceTree = "<group>"; };
		D9A1AA8B1DF250040074974C /* ToBeDone-Bridge-Header.h */ = {isa = PBXFileReference; fileEncoding = 4; lastKnownFileType = sourcecode.c.h; path = "ToBeDone-Bridge-Header.h"; sourceTree = "<group>"; };
		D9A1AA8C1DF261510074974C /* CollectionCellViewWithNoPhoto.swift */ = {isa = PBXFileReference; fileEncoding = 4; lastKnownFileType = sourcecode.swift; path = CollectionCellViewWithNoPhoto.swift; sourceTree = "<group>"; };
		D9CEBC571DC54A5800003C44 /* RealmDBManager.swift */ = {isa = PBXFileReference; fileEncoding = 4; lastKnownFileType = sourcecode.swift; path = RealmDBManager.swift; sourceTree = "<group>"; };
		D9CEBC581DC54A5800003C44 /* ItemDetailViewController.swift */ = {isa = PBXFileReference; fileEncoding = 4; lastKnownFileType = sourcecode.swift; path = ItemDetailViewController.swift; sourceTree = "<group>"; };
		D9CEBC591DC54A5800003C44 /* TodoItem+Realm.swift */ = {isa = PBXFileReference; fileEncoding = 4; lastKnownFileType = sourcecode.swift; path = "TodoItem+Realm.swift"; sourceTree = "<group>"; };
		D9CEBC5A1DC54A5800003C44 /* TodoItemStore.swift */ = {isa = PBXFileReference; fileEncoding = 4; lastKnownFileType = sourcecode.swift; path = TodoItemStore.swift; sourceTree = "<group>"; };
		D9CEBC5C1DC54A5800003C44 /* DebugUtilities.swift */ = {isa = PBXFileReference; fileEncoding = 4; lastKnownFileType = sourcecode.swift; path = DebugUtilities.swift; sourceTree = "<group>"; };
		D9CEBC6E1DC54AD600003C44 /* ItemList.storyboard */ = {isa = PBXFileReference; fileEncoding = 4; lastKnownFileType = file.storyboard; path = ItemList.storyboard; sourceTree = "<group>"; };
		D9CEBC721DC54AF300003C44 /* Base */ = {isa = PBXFileReference; lastKnownFileType = file.storyboard; name = Base; path = Base.lproj/ItemDetail.storyboard; sourceTree = "<group>"; };
		D9CEBC741DC54BD300003C44 /* AppDelegate .swift */ = {isa = PBXFileReference; fileEncoding = 4; lastKnownFileType = sourcecode.swift; path = "AppDelegate .swift"; sourceTree = "<group>"; };
		D9CEBC761DC54BD300003C44 /* Info.plist */ = {isa = PBXFileReference; fileEncoding = 4; lastKnownFileType = text.plist.xml; path = Info.plist; sourceTree = "<group>"; };
		D9CEBC7D1DC54BFC00003C44 /* Base */ = {isa = PBXFileReference; lastKnownFileType = file.storyboard; name = Base; path = Base.lproj/LaunchScreen.storyboard; sourceTree = "<group>"; };
		D9CEBC7F1DC54BFC00003C44 /* Base */ = {isa = PBXFileReference; lastKnownFileType = file.storyboard; name = Base; path = Base.lproj/Main.storyboard; sourceTree = "<group>"; };
		D9CEBC8E1DC54DC000003C44 /* Assets.xcassets */ = {isa = PBXFileReference; lastKnownFileType = folder.assetcatalog; path = Assets.xcassets; sourceTree = "<group>"; };
		D9D2D8B41DF6E43200049B7E /* ItemTableCell_WithoutImage.swift */ = {isa = PBXFileReference; fileEncoding = 4; lastKnownFileType = sourcecode.swift; path = ItemTableCell_WithoutImage.swift; sourceTree = "<group>"; };
		D9F6ADE41DF8CC42002B3CD6 /* PreviewIGListImageSet.swift */ = {isa = PBXFileReference; fileEncoding = 4; lastKnownFileType = sourcecode.swift; path = PreviewIGListImageSet.swift; sourceTree = "<group>"; };
		D9F6ADE51DF8CC42002B3CD6 /* PreviewIGListImageSetCell.swift */ = {isa = PBXFileReference; fileEncoding = 4; lastKnownFileType = sourcecode.swift; path = PreviewIGListImageSetCell.swift; sourceTree = "<group>"; };
		D9F6ADE61DF8CC42002B3CD6 /* PreviewIGListImageSetCell.xib */ = {isa = PBXFileReference; fileEncoding = 4; lastKnownFileType = file.xib; path = PreviewIGListImageSetCell.xib; sourceTree = "<group>"; };
		D9F752DC1DEBE0F1003ACBD9 /* CollectionCellView.xib */ = {isa = PBXFileReference; fileEncoding = 4; lastKnownFileType = file.xib; path = CollectionCellView.xib; sourceTree = "<group>"; };
/* End PBXFileReference section */

/* Begin PBXFrameworksBuildPhase section */
		D92DC80B1DC544B200744BCC /* Frameworks */ = {
			isa = PBXFrameworksBuildPhase;
			buildActionMask = 2147483647;
			files = (
				3BE1DDF11DE4DBC7004EEF2E /* FoldingCell.framework in Frameworks */,
				6AE07934E208861954863ECF /* Pods_ToBeDone.framework in Frameworks */,
			);
			runOnlyForDeploymentPostprocessing = 0;
		};
/* End PBXFrameworksBuildPhase section */

/* Begin PBXGroup section */
		3B092DBD1DF381F900CF7291 /* SignIn */ = {
			isa = PBXGroup;
			children = (
				3B092DBF1DF3822600CF7291 /* View */,
				3B092DBE1DF3821100CF7291 /* Controller */,
			);
			name = SignIn;
			sourceTree = "<group>";
		};
		3B092DBE1DF3821100CF7291 /* Controller */ = {
			isa = PBXGroup;
			children = (
				3B092DC21DF3829500CF7291 /* SignInViewController.swift */,
			);
			name = Controller;
			sourceTree = "<group>";
		};
		3B092DBF1DF3822600CF7291 /* View */ = {
			isa = PBXGroup;
			children = (
				3B092DC01DF3824900CF7291 /* SignIn.storyboard */,
			);
			name = View;
			sourceTree = "<group>";
		};
		3B092E811DF3B63500CF7291 /* Shared */ = {
			isa = PBXGroup;
			children = (
				3B092E841DF3B6DF00CF7291 /* AppState.swift */,
			);
			name = Shared;
			sourceTree = "<group>";
		};
		7F572DFAC9D984DEF669462E /* Pods */ = {
			isa = PBXGroup;
			children = (
				25FF91A3B3782F673EB6DC3A /* Pods-ToBeDone.debug.xcconfig */,
				3699FAA4BE2F35D42B08AFEB /* Pods-ToBeDone.release.xcconfig */,
			);
			name = Pods;
			sourceTree = "<group>";
		};
		BB31F848C45B08D6453A1B16 /* Frameworks */ = {
			isa = PBXGroup;
			children = (
				3BE1DDF01DE4DBC7004EEF2E /* FoldingCell.framework */,
				D419FA8DAC7058C9826AE64A /* Pods_ToBeDone.framework */,
			);
			name = Frameworks;
			sourceTree = "<group>";
		};
		D9002C1C1DF6140900FD9F9D /* ToolDropDownMenu */ = {
			isa = PBXGroup;
			children = (
				D9A1AA801DF2452B0074974C /* PinSelectionMenuItem.swift */,
				D9A1AA821DF245460074974C /* PinSelectionMenuItem.xib */,
				D93B62CE1DF4101F0008DD50 /* CustomToolButtonView.xib */,
				D93B62D01DF410440008DD50 /* CustomToolButtonView.swift */,
			);
			name = ToolDropDownMenu;
			sourceTree = "<group>";
		};
		D9079D911DDBDCE70019D72E /* Alert selection view */ = {
			isa = PBXGroup;
			children = (
				D9079D8B1DDBB8220019D72E /* AlertView.swift */,
				D9079D871DDBB22C0019D72E /* AlertChoicesTable.swift */,
				D9079D891DDBB2380019D72E /* AlertChoicesTable.xib */,
				D9079D8D1DDBB9C30019D72E /* AlertChoicesTableCell.swift */,
				D9079D8F1DDBD4EF0019D72E /* AlertChoicesTableCell.xib */,
			);
			name = "Alert selection view";
			sourceTree = "<group>";
		};
		D9079D921DDCC40C0019D72E /* Component */ = {
			isa = PBXGroup;
			children = (
				D983EFBC1EA84273001C830B /* MapView */,
				D9A1AA841DF24A950074974C /* Tags */,
				D9002C1C1DF6140900FD9F9D /* ToolDropDownMenu */,
				D9079D911DDBDCE70019D72E /* Alert selection view */,
			);
			name = Component;
			sourceTree = "<group>";
		};
		D9079DA61DDCF2380019D72E /* TimePiece */ = {
			isa = PBXGroup;
			children = (
				D9079D9E1DDCF2330019D72E /* Date+Timepiece.swift */,
				D9079D9F1DDCF2330019D72E /* DateComponents+Timepiece.swift */,
				D9079DA01DDCF2330019D72E /* Int+Timepiece.swift */,
				D9079DA11DDCF2330019D72E /* String+Timepiece.swift */,
			);
			name = TimePiece;
			sourceTree = "<group>";
		};
		D9253EA81DF68B7B009A4286 /* TableCell */ = {
			isa = PBXGroup;
			children = (
				D983EFDE1EAA55BB001C830B /* ItemTableCell_WithImage */,
				D9D2D8B41DF6E43200049B7E /* ItemTableCell_WithoutImage.swift */,
				D983EFDA1EAA50C4001C830B /* ArchivedItemTableCell.swift */,
			);
			name = TableCell;
			sourceTree = "<group>";
		};
		D92DC8051DC544B200744BCC = {
			isa = PBXGroup;
			children = (
				3B092E821DF3B6A900CF7291 /* GoogleService-Info.plist */,
				D92DC8101DC544B200744BCC /* ToBeDone */,
				D92DC80F1DC544B200744BCC /* Products */,
				7F572DFAC9D984DEF669462E /* Pods */,
				BB31F848C45B08D6453A1B16 /* Frameworks */,
			);
			sourceTree = "<group>";
		};
		D92DC80F1DC544B200744BCC /* Products */ = {
			isa = PBXGroup;
			children = (
				D92DC80E1DC544B200744BCC /* ToBeDone.app */,
			);
			name = Products;
			sourceTree = "<group>";
		};
		D92DC8101DC544B200744BCC /* ToBeDone */ = {
			isa = PBXGroup;
			children = (
				3B092E811DF3B63500CF7291 /* Shared */,
				D9CEBC681DC54A7A00003C44 /* Model */,
				D9CEBC831DC54C1A00003C44 /* Service */,
				D9CEBC671DC54A6D00003C44 /* Utility */,
				D9CEBC8B1DC54CDD00003C44 /* Features */,
				D9CEBC8A1DC54CAB00003C44 /* Resources */,
				D9CEBC821DC54C0700003C44 /* Supported Files */,
			);
			path = ToBeDone;
			sourceTree = "<group>";
		};
		D931F8D61DD505CE00887369 /* Library */ = {
			isa = PBXGroup;
			children = (
				D9079DA61DDCF2380019D72E /* TimePiece */,
				D963FA921DD7AEC5001E29BB /* FloatLabelText */,
				D931F8D41DD4FC8600887369 /* DatePicker.swift */,
			);
			name = Library;
			sourceTree = "<group>";
		};
		D963FA921DD7AEC5001E29BB /* FloatLabelText */ = {
			isa = PBXGroup;
			children = (
				D963FA8E1DD7AEBB001E29BB /* FloatLabelTextField.swift */,
				D963FA8F1DD7AEBB001E29BB /* FloatLabelTextView.swift */,
			);
			name = FloatLabelText;
			sourceTree = "<group>";
		};
		D983EFAC1EA7B9C9001C830B /* Delegates */ = {
			isa = PBXGroup;
			children = (
				D983EFA81EA7B827001C830B /* ItemDetail+ImagePickerDelegate.swift */,
				D983EFAA1EA7B8DB001C830B /* ItemDetail+MKDropdownDelegate.swift */,
				D983EFB11EA7BC29001C830B /* ItemDetail+RKTagsDelegate.swift */,
				D983EFB51EA7BDB8001C830B /* ItemDetail+TextFieldDelegate.swift */,
				D983EFB71EA7BDEB001C830B /* ItemDetail+TextViewDelegate.swift */,
			);
			name = Delegates;
			sourceTree = "<group>";
		};
		D983EFAF1EA7BA3B001C830B /* DataSource */ = {
			isa = PBXGroup;
			children = (
				D983EFAD1EA7BA12001C830B /* ItemDetail+MKDropdownDataSource.swift */,
			);
			name = DataSource;
			sourceTree = "<group>";
		};
		D983EFB01EA7BA50001C830B /* View */ = {
			isa = PBXGroup;
			children = (
				D9CEBC711DC54AF300003C44 /* ItemDetail.storyboard */,
			);
			name = View;
			sourceTree = "<group>";
		};
		D983EFBB1EA8421F001C830B /* Controller */ = {
			isa = PBXGroup;
			children = (
				D9CEBC581DC54A5800003C44 /* ItemDetailViewController.swift */,
			);
			name = Controller;
			sourceTree = "<group>";
		};
		D983EFBC1EA84273001C830B /* MapView */ = {
			isa = PBXGroup;
			children = (
				D931F8D91DD697F300887369 /* MapViewController.swift */,
			);
			name = MapView;
			sourceTree = "<group>";
		};
		D983EFC31EA843AF001C830B /* DAL */ = {
			isa = PBXGroup;
			children = (
				D9CEBC5A1DC54A5800003C44 /* TodoItemStore.swift */,
			);
			name = DAL;
			sourceTree = "<group>";
		};
		D983EFC61EA8445D001C830B /* System Service */ = {
			isa = PBXGroup;
			children = (
				D931F8CE1DD3E2C300887369 /* LocationService.swift */,
				D983EFC41EA843C8001C830B /* NotificationService.swift */,
			);
			name = "System Service";
			sourceTree = "<group>";
		};
		D983EFC71EA845DE001C830B /* view */ = {
			isa = PBXGroup;
			children = (
				D9CEBC7E1DC54BFC00003C44 /* Main.storyboard */,
			);
			name = view;
			sourceTree = "<group>";
		};
		D983EFC81EA8461A001C830B /* ViewModel */ = {
			isa = PBXGroup;
			children = (
				D95D13C41EA6D56500E1ED69 /* ItemDetailViewModel.swift */,
			);
			name = ViewModel;
			sourceTree = "<group>";
		};
		D983EFC91EA8465B001C830B /* Deprevated */ = {
			isa = PBXGroup;
			children = (
				D983EFB31EA7BCC4001C830B /* depravated.swift */,
			);
			name = Deprevated;
			sourceTree = "<group>";
		};
		D983EFCA1EA84665001C830B /* Depravated */ = {
			isa = PBXGroup;
			children = (
				D9505ED41DD2771900ED1299 /* MainView+Segue.swift */,
			);
			name = Depravated;
			sourceTree = "<group>";
		};
		D983EFCB1EA8466F001C830B /* Controller */ = {
			isa = PBXGroup;
			children = (
				D98C12401DECF1E600CD89C0 /* MainViewController.swift */,
			);
			name = Controller;
			sourceTree = "<group>";
		};
		D983EFCE1EA8496A001C830B /* Delegate */ = {
			isa = PBXGroup;
			children = (
				D983EFCC1EA84966001C830B /* MainView+FlowingMenuDelegate.swift */,
			);
			name = Delegate;
			sourceTree = "<group>";
		};
		D983EFD11EA94C94001C830B /* DTO */ = {
			isa = PBXGroup;
			children = (
				D983EFCF1EA94C88001C830B /* TodoItemDTO.swift */,
			);
			name = DTO;
			sourceTree = "<group>";
		};
		D983EFD31EA9954F001C830B /* database */ = {
			isa = PBXGroup;
			children = (
				D9CEBC571DC54A5800003C44 /* RealmDBManager.swift */,
			);
			name = database;
			sourceTree = "<group>";
		};
		D983EFD61EA9CF2B001C830B /* ViewModel */ = {
			isa = PBXGroup;
			children = (
				D983EFD41EA9CF28001C830B /* ItemTableViewModel.swift */,
			);
			name = ViewModel;
			sourceTree = "<group>";
		};
		D983EFD71EA9D02E001C830B /* Depravated */ = {
			isa = PBXGroup;
			children = (
				D9F6ADE41DF8CC42002B3CD6 /* PreviewIGListImageSet.swift */,
				D9F6ADE51DF8CC42002B3CD6 /* PreviewIGListImageSetCell.swift */,
				D9F6ADE61DF8CC42002B3CD6 /* PreviewIGListImageSetCell.xib */,
				D9A1AA8C1DF261510074974C /* CollectionCellViewWithNoPhoto.swift */,
				3B863DCB1DF66B4300E35842 /* CollectionCellWithNoPhoto.xib */,
				D9253EA21DF67D66009A4286 /* CollectonCellView.swift */,
				D9F752DC1DEBE0F1003ACBD9 /* CollectionCellView.xib */,
			);
			name = Depravated;
			sourceTree = "<group>";
		};
		D983EFDE1EAA55BB001C830B /* ItemTableCell_WithImage */ = {
			isa = PBXGroup;
			children = (
				D983EFE01EAA57EA001C830B /* SlidingCollectionView */,
				D961590D1DF4CCB800739982 /* ItemTableCell_WithImage.swift */,
				D983EFDC1EAA5517001C830B /* ItemTableCell_WithImage+ImageCollectionDataSource.swift */,
				D983EFE51EAA5C7D001C830B /* ItemTableCell_WithImageDelegate.swift */,
			);
			name = ItemTableCell_WithImage;
			sourceTree = "<group>";
		};
		D983EFE01EAA57EA001C830B /* SlidingCollectionView */ = {
			isa = PBXGroup;
			children = (
				D983EFE11EAA57FD001C830B /* HorizontalFlowLayout.swift */,
				D983EFE31EAA588E001C830B /* ImageCollectionViewCell.swift */,
			);
			name = SlidingCollectionView;
			sourceTree = "<group>";
		};
		D983EFEB1EAAE099001C830B /* Unused */ = {
			isa = PBXGroup;
			children = (
				D95BDF751DCB8A2C00E3C6EF /* SegueHandlerType.swift */,
			);
			name = Unused;
			sourceTree = "<group>";
		};
		D983EFEE1EAAE4BD001C830B /* ViewModel */ = {
			isa = PBXGroup;
			children = (
				D983EFEC1EAAE306001C830B /* MainViewModel.swift */,
			);
			name = ViewModel;
			sourceTree = "<group>";
		};
		D983EFEF1EAAF309001C830B /* SlidingMenu */ = {
			isa = PBXGroup;
			children = (
				D98C12421DECF28700CD89C0 /* MenuViewController.swift */,
				D98C12441DECF70D00CD89C0 /* MenuItemCell.swift */,
				D983EFF01EAAF46F001C830B /* MenuViewModel.swift */,
			);
			name = SlidingMenu;
			sourceTree = "<group>";
		};
		D98B040E1DEA4A4300A1E7E1 /* IGListCollectionImageSet */ = {
			isa = PBXGroup;
			children = (
				D9079DB11DDF65790019D72E /* IGListImageSetCell.swift */,
				D9079DB31DDF65B90019D72E /* IGListImageSectionController.swift */,
				D98B04131DEA892200A1E7E1 /* IGListImageModel.swift */,
			);
			name = IGListCollectionImageSet;
			sourceTree = "<group>";
		};
		D9A1AA841DF24A950074974C /* Tags */ = {
			isa = PBXGroup;
			children = (
				D9A1AA851DF24AB20074974C /* RKCustomButton.h */,
				D9A1AA861DF24AB20074974C /* RKCustomButton.m */,
			);
			name = Tags;
			sourceTree = "<group>";
		};
		D9CEBC671DC54A6D00003C44 /* Utility */ = {
			isa = PBXGroup;
			children = (
				D9CEBC5C1DC54A5800003C44 /* DebugUtilities.swift */,
				D983EFEB1EAAE099001C830B /* Unused */,
				D983EFB91EA83E8B001C830B /* AlertMessage.swift */,
				D983EFBD1EA842BD001C830B /* DateUtilities.swift */,
			);
			name = Utility;
			sourceTree = "<group>";
		};
		D9CEBC681DC54A7A00003C44 /* Model */ = {
			isa = PBXGroup;
			children = (
				D983EFD11EA94C94001C830B /* DTO */,
				D983EFC31EA843AF001C830B /* DAL */,
				D9CEBC591DC54A5800003C44 /* TodoItem+Realm.swift */,
			);
			name = Model;
			sourceTree = "<group>";
		};
		D9CEBC691DC54A8400003C44 /* Local Service */ = {
			isa = PBXGroup;
			children = (
				D983EFD31EA9954F001C830B /* database */,
				D983EFC61EA8445D001C830B /* System Service */,
			);
			name = "Local Service";
			sourceTree = "<group>";
		};
		D9CEBC821DC54C0700003C44 /* Supported Files */ = {
			isa = PBXGroup;
			children = (
				D931F8D61DD505CE00887369 /* Library */,
				D9A1AA8B1DF250040074974C /* ToBeDone-Bridge-Header.h */,
				D9CEBC7C1DC54BFC00003C44 /* LaunchScreen.storyboard */,
				D9CEBC741DC54BD300003C44 /* AppDelegate .swift */,
				D9CEBC761DC54BD300003C44 /* Info.plist */,
			);
			name = "Supported Files";
			sourceTree = "<group>";
		};
		D9CEBC831DC54C1A00003C44 /* Service */ = {
			isa = PBXGroup;
			children = (
				D9CEBC841DC54C2000003C44 /* Remote Service */,
				D9CEBC691DC54A8400003C44 /* Local Service */,
			);
			name = Service;
			sourceTree = "<group>";
		};
		D9CEBC841DC54C2000003C44 /* Remote Service */ = {
			isa = PBXGroup;
			children = (
				D983EFC11EA84351001C830B /* FirebaseService.swift */,
			);
			name = "Remote Service";
			sourceTree = "<group>";
		};
		D9CEBC851DC54C3300003C44 /* ItemDetail */ = {
			isa = PBXGroup;
			children = (
				D9079D921DDCC40C0019D72E /* Component */,
				D983EFB01EA7BA50001C830B /* View */,
				D983EFBB1EA8421F001C830B /* Controller */,
				D983EFC81EA8461A001C830B /* ViewModel */,
				D931F8D01DD423A500887369 /* CustomButtons.swift */,
				D95D13C61EA6EB4A00E1ED69 /* ObserverPattern.swift */,
				D983EFAC1EA7B9C9001C830B /* Delegates */,
				D983EFAF1EA7BA3B001C830B /* DataSource */,
				D9D729391EAC2C4100CE4309 /* Unused */,
				D983EFC91EA8465B001C830B /* Deprevated */,
			);
			name = ItemDetail;
			sourceTree = "<group>";
		};
		D9CEBC861DC54C4E00003C44 /* Setting */ = {
			isa = PBXGroup;
			children = (
				D983EFF21EAAFB1B001C830B /* StaticSettingController.swift */,
			);
			name = Setting;
			sourceTree = "<group>";
		};
		D9CEBC871DC54C6100003C44 /* Main */ = {
			isa = PBXGroup;
			children = (
				D983EFCA1EA84665001C830B /* Depravated */,
				D983EFEF1EAAF309001C830B /* SlidingMenu */,
				D983EFC71EA845DE001C830B /* view */,
				D983EFCB1EA8466F001C830B /* Controller */,
				D983EFCE1EA8496A001C830B /* Delegate */,
				D983EFEE1EAAE4BD001C830B /* ViewModel */,
			);
			name = Main;
			sourceTree = "<group>";
		};
		D9CEBC881DC54C6C00003C44 /* ToDoItemTable */ = {
			isa = PBXGroup;
			children = (
				D9CEBC8D1DC54CF300003C44 /* Controller */,
				D9CEBC8C1DC54CEE00003C44 /* View */,
				D9D729381EABB22E00CE4309 /* Model */,
				D983EFD61EA9CF2B001C830B /* ViewModel */,
				D983EFD71EA9D02E001C830B /* Depravated */,
			);
			name = ToDoItemTable;
			sourceTree = "<group>";
		};
		D9CEBC8A1DC54CAB00003C44 /* Resources */ = {
			isa = PBXGroup;
			children = (
				D9CEBC8E1DC54DC000003C44 /* Assets.xcassets */,
			);
			name = Resources;
			sourceTree = "<group>";
		};
		D9CEBC8B1DC54CDD00003C44 /* Features */ = {
			isa = PBXGroup;
			children = (
				3B092DBD1DF381F900CF7291 /* SignIn */,
				D9CEBC871DC54C6100003C44 /* Main */,
				D9CEBC851DC54C3300003C44 /* ItemDetail */,
				D9CEBC881DC54C6C00003C44 /* ToDoItemTable */,
				D9CEBC861DC54C4E00003C44 /* Setting */,
			);
			name = Features;
			sourceTree = "<group>";
		};
		D9CEBC8C1DC54CEE00003C44 /* View */ = {
			isa = PBXGroup;
			children = (
				D9CEBC6E1DC54AD600003C44 /* ItemList.storyboard */,
			);
			name = View;
			sourceTree = "<group>";
		};
		D9CEBC8D1DC54CF300003C44 /* Controller */ = {
			isa = PBXGroup;
			children = (
				3BD834141DF671A30014A7DB /* ItemTableViewController.swift */,
				D9253EA81DF68B7B009A4286 /* TableCell */,
				D983EFE71EAAA012001C830B /* ItemTableViewDataSource.swift */,
				D983EFE91EAAA065001C830B /* ItemTableViewDelegate.swift */,
			);
			name = Controller;
			sourceTree = "<group>";
		};
		D9D729381EABB22E00CE4309 /* Model */ = {
			isa = PBXGroup;
			children = (
				D983EFD81EA9D183001C830B /* ItemCellModel.swift */,
				D952BEA61F340AB20089F15B /* ScheduledItemSectionModel.swift */,
			);
			name = Model;
			sourceTree = "<group>";
		};
		D9D729391EAC2C4100CE4309 /* Unused */ = {
			isa = PBXGroup;
			children = (
				D98B040E1DEA4A4300A1E7E1 /* IGListCollectionImageSet */,
			);
			name = Unused;
			sourceTree = "<group>";
		};
/* End PBXGroup section */

/* Begin PBXNativeTarget section */
		D92DC80D1DC544B200744BCC /* ToBeDone */ = {
			isa = PBXNativeTarget;
			buildConfigurationList = D92DC8201DC544B200744BCC /* Build configuration list for PBXNativeTarget "ToBeDone" */;
			buildPhases = (
				1F2A24C74ECB3D5704F8EFD8 /* [CP] Check Pods Manifest.lock */,
				D92DC80A1DC544B200744BCC /* Sources */,
				D92DC80B1DC544B200744BCC /* Frameworks */,
				D92DC80C1DC544B200744BCC /* Resources */,
				593A512BA5800BDA6E68B9E9 /* [CP] Embed Pods Frameworks */,
				CB90D1AB313F8ACDA2B776DB /* [CP] Copy Pods Resources */,
				D991F4341EA515AF00C0F853 /* ShellScript */,
			);
			buildRules = (
			);
			dependencies = (
			);
			name = ToBeDone;
			productName = ToBeDone;
			productReference = D92DC80E1DC544B200744BCC /* ToBeDone.app */;
			productType = "com.apple.product-type.application";
		};
/* End PBXNativeTarget section */

/* Begin PBXProject section */
		D92DC8061DC544B200744BCC /* Project object */ = {
			isa = PBXProject;
			attributes = {
				LastSwiftUpdateCheck = 0800;
				LastUpgradeCheck = 0820;
				ORGANIZATIONNAME = "周星";
				TargetAttributes = {
					D92DC80D1DC544B200744BCC = {
						CreatedOnToolsVersion = 8.0;
						DevelopmentTeam = C852BKH294;
						LastSwiftMigration = 0800;
						ProvisioningStyle = Automatic;
						SystemCapabilities = {
							com.apple.BackgroundModes = {
								enabled = 1;
							};
						};
					};
				};
			};
			buildConfigurationList = D92DC8091DC544B200744BCC /* Build configuration list for PBXProject "ToBeDone" */;
			compatibilityVersion = "Xcode 3.2";
			developmentRegion = English;
			hasScannedForEncodings = 0;
			knownRegions = (
				en,
				Base,
			);
			mainGroup = D92DC8051DC544B200744BCC;
			productRefGroup = D92DC80F1DC544B200744BCC /* Products */;
			projectDirPath = "";
			projectRoot = "";
			targets = (
				D92DC80D1DC544B200744BCC /* ToBeDone */,
			);
		};
/* End PBXProject section */

/* Begin PBXResourcesBuildPhase section */
		D92DC80C1DC544B200744BCC /* Resources */ = {
			isa = PBXResourcesBuildPhase;
			buildActionMask = 2147483647;
			files = (
				D9CEBC701DC54AD600003C44 /* ItemList.storyboard in Resources */,
				D9CEBC731DC54AF300003C44 /* ItemDetail.storyboard in Resources */,
				D9F6ADE91DF8CC42002B3CD6 /* PreviewIGListImageSetCell.xib in Resources */,
				D9F752DD1DEBE0F1003ACBD9 /* CollectionCellView.xib in Resources */,
				D9CEBC811DC54BFC00003C44 /* Main.storyboard in Resources */,
				D9079D901DDBD4EF0019D72E /* AlertChoicesTableCell.xib in Resources */,
				D9A1AA831DF245460074974C /* PinSelectionMenuItem.xib in Resources */,
				3B092E831DF3B6A900CF7291 /* GoogleService-Info.plist in Resources */,
				3B092DC11DF3824900CF7291 /* SignIn.storyboard in Resources */,
				D9079D8A1DDBB2380019D72E /* AlertChoicesTable.xib in Resources */,
				D9CEBC801DC54BFC00003C44 /* LaunchScreen.storyboard in Resources */,
				D9CEBC8F1DC54DC000003C44 /* Assets.xcassets in Resources */,
				D93B62CF1DF4101F0008DD50 /* CustomToolButtonView.xib in Resources */,
				3B863DCC1DF66B4300E35842 /* CollectionCellWithNoPhoto.xib in Resources */,
			);
			runOnlyForDeploymentPostprocessing = 0;
		};
/* End PBXResourcesBuildPhase section */

/* Begin PBXShellScriptBuildPhase section */
		1F2A24C74ECB3D5704F8EFD8 /* [CP] Check Pods Manifest.lock */ = {
			isa = PBXShellScriptBuildPhase;
			buildActionMask = 2147483647;
			files = (
			);
			inputPaths = (
			);
			name = "[CP] Check Pods Manifest.lock";
			outputPaths = (
			);
			runOnlyForDeploymentPostprocessing = 0;
			shellPath = /bin/sh;
			shellScript = "diff \"${PODS_ROOT}/../Podfile.lock\" \"${PODS_ROOT}/Manifest.lock\" > /dev/null\nif [ $? != 0 ] ; then\n    # print error to STDERR\n    echo \"error: The sandbox is not in sync with the Podfile.lock. Run 'pod install' or update your CocoaPods installation.\" >&2\n    exit 1\nfi\n";
			showEnvVarsInLog = 0;
		};
		593A512BA5800BDA6E68B9E9 /* [CP] Embed Pods Frameworks */ = {
			isa = PBXShellScriptBuildPhase;
			buildActionMask = 2147483647;
			files = (
			);
			inputPaths = (
			);
			name = "[CP] Embed Pods Frameworks";
			outputPaths = (
			);
			runOnlyForDeploymentPostprocessing = 0;
			shellPath = /bin/sh;
			shellScript = "\"${SRCROOT}/Pods/Target Support Files/Pods-ToBeDone/Pods-ToBeDone-frameworks.sh\"\n";
			showEnvVarsInLog = 0;
		};
		CB90D1AB313F8ACDA2B776DB /* [CP] Copy Pods Resources */ = {
			isa = PBXShellScriptBuildPhase;
			buildActionMask = 2147483647;
			files = (
			);
			inputPaths = (
			);
			name = "[CP] Copy Pods Resources";
			outputPaths = (
			);
			runOnlyForDeploymentPostprocessing = 0;
			shellPath = /bin/sh;
			shellScript = "\"${SRCROOT}/Pods/Target Support Files/Pods-ToBeDone/Pods-ToBeDone-resources.sh\"\n";
			showEnvVarsInLog = 0;
		};
		D991F4341EA515AF00C0F853 /* ShellScript */ = {
			isa = PBXShellScriptBuildPhase;
			buildActionMask = 2147483647;
			files = (
			);
			inputPaths = (
			);
			outputPaths = (
			);
			runOnlyForDeploymentPostprocessing = 0;
			shellPath = /bin/sh;
			shellScript = "";
		};
/* End PBXShellScriptBuildPhase section */

/* Begin PBXSourcesBuildPhase section */
		D92DC80A1DC544B200744BCC /* Sources */ = {
			isa = PBXSourcesBuildPhase;
			buildActionMask = 2147483647;
			files = (
				D9A1AA811DF2452B0074974C /* PinSelectionMenuItem.swift in Sources */,
				D9D2D8B51DF6E43200049B7E /* ItemTableCell_WithoutImage.swift in Sources */,
				D9CEBC611DC54A5800003C44 /* RealmDBManager.swift in Sources */,
				D983EFAB1EA7B8DB001C830B /* ItemDetail+MKDropdownDelegate.swift in Sources */,
				3B092E851DF3B6DF00CF7291 /* AppState.swift in Sources */,
				D983EFDB1EAA50C4001C830B /* ArchivedItemTableCell.swift in Sources */,
				D963FA911DD7AEBB001E29BB /* FloatLabelTextView.swift in Sources */,
				D983EFC21EA84351001C830B /* FirebaseService.swift in Sources */,
				D983EFF31EAAFB1B001C830B /* StaticSettingController.swift in Sources */,
				D931F8CF1DD3E2C300887369 /* LocationService.swift in Sources */,
				D983EFD01EA94C88001C830B /* TodoItemDTO.swift in Sources */,
				D952BEA71F340AB20089F15B /* ScheduledItemSectionModel.swift in Sources */,
				D98C12451DECF70D00CD89C0 /* MenuItemCell.swift in Sources */,
				D9F6ADE81DF8CC42002B3CD6 /* PreviewIGListImageSetCell.swift in Sources */,
				D983EFE41EAA588E001C830B /* ImageCollectionViewCell.swift in Sources */,
				D9079DA41DDCF2330019D72E /* Int+Timepiece.swift in Sources */,
				D983EFB41EA7BCC4001C830B /* depravated.swift in Sources */,
				D9A1AA8D1DF261510074974C /* CollectionCellViewWithNoPhoto.swift in Sources */,
				D95D13C51EA6D56500E1ED69 /* ItemDetailViewModel.swift in Sources */,
				D9079DA21DDCF2330019D72E /* Date+Timepiece.swift in Sources */,
				D9079DA31DDCF2330019D72E /* DateComponents+Timepiece.swift in Sources */,
				D983EFB81EA7BDEB001C830B /* ItemDetail+TextViewDelegate.swift in Sources */,
				D98B04141DEA892200A1E7E1 /* IGListImageModel.swift in Sources */,
				D983EFD91EA9D183001C830B /* ItemCellModel.swift in Sources */,
				D9079DB21DDF65790019D72E /* IGListImageSetCell.swift in Sources */,
				D9505ED51DD2771900ED1299 /* MainView+Segue.swift in Sources */,
				D983EFA91EA7B827001C830B /* ItemDetail+ImagePickerDelegate.swift in Sources */,
				D9CEBC661DC54A5800003C44 /* DebugUtilities.swift in Sources */,
				D9079DB41DDF65B90019D72E /* IGListImageSectionController.swift in Sources */,
				D983EFE81EAAA012001C830B /* ItemTableViewDataSource.swift in Sources */,
				D983EFB21EA7BC29001C830B /* ItemDetail+RKTagsDelegate.swift in Sources */,
				D931F8D11DD423A500887369 /* CustomButtons.swift in Sources */,
				D95BDF761DCB8A2C00E3C6EF /* SegueHandlerType.swift in Sources */,
				D9CEBC621DC54A5800003C44 /* ItemDetailViewController.swift in Sources */,
				D98C12411DECF1E600CD89C0 /* MainViewController.swift in Sources */,
				D983EFED1EAAE306001C830B /* MainViewModel.swift in Sources */,
				3B092DC31DF3829500CF7291 /* SignInViewController.swift in Sources */,
				D983EFEA1EAAA065001C830B /* ItemTableViewDelegate.swift in Sources */,
				D9079DA51DDCF2330019D72E /* String+Timepiece.swift in Sources */,
				D9CEBC781DC54BD300003C44 /* AppDelegate .swift in Sources */,
				D983EFCD1EA84966001C830B /* MainView+FlowingMenuDelegate.swift in Sources */,
				D9079D881DDBB22C0019D72E /* AlertChoicesTable.swift in Sources */,
				D983EFF11EAAF46F001C830B /* MenuViewModel.swift in Sources */,
				D983EFBE1EA842BD001C830B /* DateUtilities.swift in Sources */,
				D983EFC51EA843C8001C830B /* NotificationService.swift in Sources */,
				D983EFE61EAA5C7D001C830B /* ItemTableCell_WithImageDelegate.swift in Sources */,
				D9CEBC631DC54A5800003C44 /* TodoItem+Realm.swift in Sources */,
				D983EFAE1EA7BA12001C830B /* ItemDetail+MKDropdownDataSource.swift in Sources */,
				D983EFDD1EAA5517001C830B /* ItemTableCell_WithImage+ImageCollectionDataSource.swift in Sources */,
				D95D13C71EA6EB4A00E1ED69 /* ObserverPattern.swift in Sources */,
				D983EFB61EA7BDB8001C830B /* ItemDetail+TextFieldDelegate.swift in Sources */,
				D98C12431DECF28700CD89C0 /* MenuViewController.swift in Sources */,
				D983EFE21EAA57FD001C830B /* HorizontalFlowLayout.swift in Sources */,
				D983EFBA1EA83E8B001C830B /* AlertMessage.swift in Sources */,
				D9F6ADE71DF8CC42002B3CD6 /* PreviewIGListImageSet.swift in Sources */,
				D931F8D51DD4FC8600887369 /* DatePicker.swift in Sources */,
				D9253EA31DF67D66009A4286 /* CollectonCellView.swift in Sources */,
				D9CEBC641DC54A5800003C44 /* TodoItemStore.swift in Sources */,
				D963FA901DD7AEBB001E29BB /* FloatLabelTextField.swift in Sources */,
				D9079D8E1DDBB9C30019D72E /* AlertChoicesTableCell.swift in Sources */,
				D983EFD51EA9CF28001C830B /* ItemTableViewModel.swift in Sources */,
				D9A1AA871DF24AB20074974C /* RKCustomButton.m in Sources */,
				D93B62D11DF410440008DD50 /* CustomToolButtonView.swift in Sources */,
				D9079D8C1DDBB8220019D72E /* AlertView.swift in Sources */,
				3BD834151DF671A30014A7DB /* ItemTableViewController.swift in Sources */,
				D961590E1DF4CCB800739982 /* ItemTableCell_WithImage.swift in Sources */,
				D931F8DA1DD697F300887369 /* MapViewController.swift in Sources */,
			);
			runOnlyForDeploymentPostprocessing = 0;
		};
/* End PBXSourcesBuildPhase section */

/* Begin PBXVariantGroup section */
		D9CEBC711DC54AF300003C44 /* ItemDetail.storyboard */ = {
			isa = PBXVariantGroup;
			children = (
				D9CEBC721DC54AF300003C44 /* Base */,
			);
			name = ItemDetail.storyboard;
			sourceTree = "<group>";
		};
		D9CEBC7C1DC54BFC00003C44 /* LaunchScreen.storyboard */ = {
			isa = PBXVariantGroup;
			children = (
				D9CEBC7D1DC54BFC00003C44 /* Base */,
			);
			name = LaunchScreen.storyboard;
			sourceTree = "<group>";
		};
		D9CEBC7E1DC54BFC00003C44 /* Main.storyboard */ = {
			isa = PBXVariantGroup;
			children = (
				D9CEBC7F1DC54BFC00003C44 /* Base */,
			);
			name = Main.storyboard;
			sourceTree = "<group>";
		};
/* End PBXVariantGroup section */

/* Begin XCBuildConfiguration section */
		D92DC81E1DC544B200744BCC /* Debug */ = {
			isa = XCBuildConfiguration;
			buildSettings = {
				ALWAYS_SEARCH_USER_PATHS = NO;
				CLANG_ANALYZER_NONNULL = YES;
				CLANG_CXX_LANGUAGE_STANDARD = "gnu++0x";
				CLANG_CXX_LIBRARY = "libc++";
				CLANG_ENABLE_MODULES = YES;
				CLANG_ENABLE_OBJC_ARC = YES;
				CLANG_WARN_BOOL_CONVERSION = YES;
				CLANG_WARN_CONSTANT_CONVERSION = YES;
				CLANG_WARN_DIRECT_OBJC_ISA_USAGE = YES_ERROR;
				CLANG_WARN_DOCUMENTATION_COMMENTS = YES;
				CLANG_WARN_EMPTY_BODY = YES;
				CLANG_WARN_ENUM_CONVERSION = YES;
				CLANG_WARN_INFINITE_RECURSION = YES;
				CLANG_WARN_INT_CONVERSION = YES;
				CLANG_WARN_OBJC_ROOT_CLASS = YES_ERROR;
				CLANG_WARN_SUSPICIOUS_MOVE = YES;
				CLANG_WARN_SUSPICIOUS_MOVES = YES;
				CLANG_WARN_UNREACHABLE_CODE = YES;
				CLANG_WARN__DUPLICATE_METHOD_MATCH = YES;
				"CODE_SIGN_IDENTITY[sdk=iphoneos*]" = "iPhone Developer";
				COPY_PHASE_STRIP = NO;
				DEBUG_INFORMATION_FORMAT = dwarf;
				ENABLE_STRICT_OBJC_MSGSEND = YES;
				ENABLE_TESTABILITY = YES;
				GCC_C_LANGUAGE_STANDARD = gnu99;
				GCC_DYNAMIC_NO_PIC = NO;
				GCC_NO_COMMON_BLOCKS = YES;
				GCC_OPTIMIZATION_LEVEL = 0;
				GCC_PREPROCESSOR_DEFINITIONS = (
					"DEBUG=1",
					"$(inherited)",
				);
				GCC_WARN_64_TO_32_BIT_CONVERSION = YES;
				GCC_WARN_ABOUT_RETURN_TYPE = YES_ERROR;
				GCC_WARN_UNDECLARED_SELECTOR = YES;
				GCC_WARN_UNINITIALIZED_AUTOS = YES_AGGRESSIVE;
				GCC_WARN_UNUSED_FUNCTION = YES;
				GCC_WARN_UNUSED_VARIABLE = YES;
				IPHONEOS_DEPLOYMENT_TARGET = 9.3;
				MTL_ENABLE_DEBUG_INFO = YES;
				ONLY_ACTIVE_ARCH = YES;
				SDKROOT = iphoneos;
				SWIFT_ACTIVE_COMPILATION_CONDITIONS = DEBUG;
				SWIFT_OBJC_BRIDGING_HEADER = "ToBeDone-Bridge-Header";
				SWIFT_OPTIMIZATION_LEVEL = "-Onone";
			};
			name = Debug;
		};
		D92DC81F1DC544B200744BCC /* Release */ = {
			isa = XCBuildConfiguration;
			buildSettings = {
				ALWAYS_SEARCH_USER_PATHS = NO;
				CLANG_ANALYZER_NONNULL = YES;
				CLANG_CXX_LANGUAGE_STANDARD = "gnu++0x";
				CLANG_CXX_LIBRARY = "libc++";
				CLANG_ENABLE_MODULES = YES;
				CLANG_ENABLE_OBJC_ARC = YES;
				CLANG_WARN_BOOL_CONVERSION = YES;
				CLANG_WARN_CONSTANT_CONVERSION = YES;
				CLANG_WARN_DIRECT_OBJC_ISA_USAGE = YES_ERROR;
				CLANG_WARN_DOCUMENTATION_COMMENTS = YES;
				CLANG_WARN_EMPTY_BODY = YES;
				CLANG_WARN_ENUM_CONVERSION = YES;
				CLANG_WARN_INFINITE_RECURSION = YES;
				CLANG_WARN_INT_CONVERSION = YES;
				CLANG_WARN_OBJC_ROOT_CLASS = YES_ERROR;
				CLANG_WARN_SUSPICIOUS_MOVE = YES;
				CLANG_WARN_SUSPICIOUS_MOVES = YES;
				CLANG_WARN_UNREACHABLE_CODE = YES;
				CLANG_WARN__DUPLICATE_METHOD_MATCH = YES;
				"CODE_SIGN_IDENTITY[sdk=iphoneos*]" = "iPhone Developer";
				COPY_PHASE_STRIP = NO;
				DEBUG_INFORMATION_FORMAT = "dwarf-with-dsym";
				ENABLE_NS_ASSERTIONS = NO;
				ENABLE_STRICT_OBJC_MSGSEND = YES;
				GCC_C_LANGUAGE_STANDARD = gnu99;
				GCC_NO_COMMON_BLOCKS = YES;
				GCC_WARN_64_TO_32_BIT_CONVERSION = YES;
				GCC_WARN_ABOUT_RETURN_TYPE = YES_ERROR;
				GCC_WARN_UNDECLARED_SELECTOR = YES;
				GCC_WARN_UNINITIALIZED_AUTOS = YES_AGGRESSIVE;
				GCC_WARN_UNUSED_FUNCTION = YES;
				GCC_WARN_UNUSED_VARIABLE = YES;
				IPHONEOS_DEPLOYMENT_TARGET = 9.3;
				MTL_ENABLE_DEBUG_INFO = NO;
				SDKROOT = iphoneos;
				SWIFT_OBJC_BRIDGING_HEADER = "ToBeDone-Bridge-Header";
				SWIFT_OPTIMIZATION_LEVEL = "-Owholemodule";
				VALIDATE_PRODUCT = YES;
			};
			name = Release;
		};
		D92DC8211DC544B200744BCC /* Debug */ = {
			isa = XCBuildConfiguration;
			baseConfigurationReference = 25FF91A3B3782F673EB6DC3A /* Pods-ToBeDone.debug.xcconfig */;
			buildSettings = {
				ALWAYS_EMBED_SWIFT_STANDARD_LIBRARIES = YES;
				ASSETCATALOG_COMPILER_APPICON_NAME = AppIcon;
				CLANG_ENABLE_MODULES = YES;
				"CODE_SIGN_IDENTITY[sdk=iphoneos*]" = "iPhone Developer";
				DEVELOPMENT_TEAM = C852BKH294;
				INFOPLIST_FILE = ToBeDone/Info.plist;
				LD_RUNPATH_SEARCH_PATHS = "$(inherited) @executable_path/Frameworks";
				PRODUCT_BUNDLE_IDENTIFIER = Xing.ToBeDone;
				PRODUCT_NAME = "$(TARGET_NAME)";
				SWIFT_OBJC_BRIDGING_HEADER = "ToBeDone-Bridge-Header.h";
				SWIFT_OPTIMIZATION_LEVEL = "-Onone";
				SWIFT_VERSION = 3.0;
			};
			name = Debug;
		};
		D92DC8221DC544B200744BCC /* Release */ = {
			isa = XCBuildConfiguration;
			baseConfigurationReference = 3699FAA4BE2F35D42B08AFEB /* Pods-ToBeDone.release.xcconfig */;
			buildSettings = {
				ALWAYS_EMBED_SWIFT_STANDARD_LIBRARIES = YES;
				ASSETCATALOG_COMPILER_APPICON_NAME = AppIcon;
				CLANG_ENABLE_MODULES = YES;
				"CODE_SIGN_IDENTITY[sdk=iphoneos*]" = "iPhone Developer";
				DEVELOPMENT_TEAM = C852BKH294;
				INFOPLIST_FILE = ToBeDone/Info.plist;
				LD_RUNPATH_SEARCH_PATHS = "$(inherited) @executable_path/Frameworks";
				PRODUCT_BUNDLE_IDENTIFIER = Xing.ToBeDone;
				PRODUCT_NAME = "$(TARGET_NAME)";
				SWIFT_OBJC_BRIDGING_HEADER = "ToBeDone-Bridge-Header.h";
				SWIFT_OPTIMIZATION_LEVEL = "-Owholemodule";
				SWIFT_VERSION = 3.0;
			};
			name = Release;
		};
/* End XCBuildConfiguration section */

/* Begin XCConfigurationList section */
		D92DC8091DC544B200744BCC /* Build configuration list for PBXProject "ToBeDone" */ = {
			isa = XCConfigurationList;
			buildConfigurations = (
				D92DC81E1DC544B200744BCC /* Debug */,
				D92DC81F1DC544B200744BCC /* Release */,
			);
			defaultConfigurationIsVisible = 0;
			defaultConfigurationName = Release;
		};
		D92DC8201DC544B200744BCC /* Build configuration list for PBXNativeTarget "ToBeDone" */ = {
			isa = XCConfigurationList;
			buildConfigurations = (
				D92DC8211DC544B200744BCC /* Debug */,
				D92DC8221DC544B200744BCC /* Release */,
			);
			defaultConfigurationIsVisible = 0;
			defaultConfigurationName = Release;
		};
/* End XCConfigurationList section */
	};
	rootObject = D92DC8061DC544B200744BCC /* Project object */;
}
